
Microsoft Visual Studio Solution File, Format Version 12.00
# Visual Studio Version 17
VisualStudioVersion = 17.5.33424.131
MinimumVisualStudioVersion = 10.0.40219.1
Project("{FAE04EC0-301F-11D3-BF4B-00C04F79EFBC}") = "Project_RF_Server", "Project_RF_Server.csproj", "{41331A8C-9856-4A08-8FE1-B29E3F696950}"
EndProject
Global
	GlobalSection(SolutionConfigurationPlatforms) = preSolution
		Debug|Any CPU = Debug|Any CPU
		Release|Any CPU = Release|Any CPU
	EndGlobalSection
	GlobalSection(ProjectConfigurationPlatforms) = postSolution
		{41331A8C-9856-4A08-8FE1-B29E3F696950}.Debug|Any CPU.ActiveCfg = Debug|Any CPU
		{41331A8C-9856-4A08-8FE1-B29E3F696950}.Debug|Any CPU.Build.0 = Debug|Any CPU
		{41331A8C-9856-4A08-8FE1-B29E3F696950}.Release|Any CPU.ActiveCfg = Release|Any CPU
		{41331A8C-9856-4A08-8FE1-B29E3F696950}.Release|Any CPU.Build.0 = Release|Any CPU
	EndGlobalSection
	GlobalSection(SolutionProperties) = preSolution
		HideSolutionNode = FALSE
	EndGlobalSection
	GlobalSection(ExtensibilityGlobals) = postSolution
		SolutionGuid = {47DEF9C6-02CD-4A76-85D3-72D1ED1042BA}
	EndGlobalSection
EndGlobal
